
Microsoft Visual Studio Solution File, Format Version 12.00
# Visual Studio Version 16
VisualStudioVersion = 16.0.29728.190
MinimumVisualStudioVersion = 10.0.40219.1
Project("{9A19103F-16F7-4668-BE54-9A1E7A4F7556}") = "DatingApp.API", "DatingApp.API\DatingApp.API.csproj", "{A0D70749-F9F0-4A4A-80E8-F9630C5C1BCB}"
EndProject
Global
	GlobalSection(SolutionConfigurationPlatforms) = preSolution
		Debug|Any CPU = Debug|Any CPU
		Release|Any CPU = Release|Any CPU
	EndGlobalSection
	GlobalSection(ProjectConfigurationPlatforms) = postSolution
		{A0D70749-F9F0-4A4A-80E8-F9630C5C1BCB}.Debug|Any CPU.ActiveCfg = Debug|Any CPU
		{A0D70749-F9F0-4A4A-80E8-F9630C5C1BCB}.Debug|Any CPU.Build.0 = Debug|Any CPU
		{A0D70749-F9F0-4A4A-80E8-F9630C5C1BCB}.Release|Any CPU.ActiveCfg = Release|Any CPU
		{A0D70749-F9F0-4A4A-80E8-F9630C5C1BCB}.Release|Any CPU.Build.0 = Release|Any CPU
	EndGlobalSection
	GlobalSection(SolutionProperties) = preSolution
		HideSolutionNode = FALSE
	EndGlobalSection
	GlobalSection(ExtensibilityGlobals) = postSolution
		SolutionGuid = {224F936E-586E-40F9-B086-A4461A962A05}
	EndGlobalSection
EndGlobal
